
Microsoft Visual Studio Solution File, Format Version 12.00
# Visual Studio Version 17
VisualStudioVersion = 17.13.36105.23
MinimumVisualStudioVersion = 10.0.40219.1
Project("{FAE04EC0-301F-11D3-BF4B-00C04F79EFBC}") = "WebAppConcierge", "WebAppConcierge\WebAppConcierge.csproj", "{92F02F13-F238-429B-973E-CEBCE5860886}"
EndProject
Global
	GlobalSection(SolutionConfigurationPlatforms) = preSolution
		Debug|Any CPU = Debug|Any CPU
		Release|Any CPU = Release|Any CPU
	EndGlobalSection
	GlobalSection(ProjectConfigurationPlatforms) = postSolution
		{92F02F13-F238-429B-973E-CEBCE5860886}.Debug|Any CPU.ActiveCfg = Debug|Any CPU
		{92F02F13-F238-429B-973E-CEBCE5860886}.Debug|Any CPU.Build.0 = Debug|Any CPU
		{92F02F13-F238-429B-973E-CEBCE5860886}.Release|Any CPU.ActiveCfg = Release|Any CPU
		{92F02F13-F238-429B-973E-CEBCE5860886}.Release|Any CPU.Build.0 = Release|Any CPU
	EndGlobalSection
	GlobalSection(SolutionProperties) = preSolution
		HideSolutionNode = FALSE
	EndGlobalSection
	GlobalSection(ExtensibilityGlobals) = postSolution
		SolutionGuid = {005F8ACB-F61F-43E5-BA29-0548D76B2870}
	EndGlobalSection
EndGlobal
